
Microsoft Visual Studio Solution File, Format Version 12.00
# Visual Studio Version 16
VisualStudioVersion = 16.0.30804.86
MinimumVisualStudioVersion = 10.0.40219.1
Project("{FAE04EC0-301F-11D3-BF4B-00C04F79EFBC}") = "Entities", "Entities\Entities.csproj", "{782D8D19-71FB-468C-87AF-F4000CD33C2F}"
EndProject
Project("{FAE04EC0-301F-11D3-BF4B-00C04F79EFBC}") = "DataAccess", "DataAccess\DataAccess.csproj", "{331188A7-8916-4C93-9747-39C3B24CC584}"
EndProject
Project("{FAE04EC0-301F-11D3-BF4B-00C04F79EFBC}") = "Business", "Business\Business.csproj", "{00512518-003A-4CF9-888B-AE1A14F856FE}"
EndProject
Project("{FAE04EC0-301F-11D3-BF4B-00C04F79EFBC}") = "Core", "Core\Core.csproj", "{7FB87BEF-473C-4409-AC61-AD89ED139F4A}"
EndProject
Project("{FAE04EC0-301F-11D3-BF4B-00C04F79EFBC}") = "WebAPI", "WebAPI\WebAPI.csproj", "{155FA114-734D-47F8-8868-EA9A779E7FD8}"
EndProject
Global
	GlobalSection(SolutionConfigurationPlatforms) = preSolution
		Debug|Any CPU = Debug|Any CPU
		Release|Any CPU = Release|Any CPU
	EndGlobalSection
	GlobalSection(ProjectConfigurationPlatforms) = postSolution
		{782D8D19-71FB-468C-87AF-F4000CD33C2F}.Debug|Any CPU.ActiveCfg = Debug|Any CPU
		{782D8D19-71FB-468C-87AF-F4000CD33C2F}.Debug|Any CPU.Build.0 = Debug|Any CPU
		{782D8D19-71FB-468C-87AF-F4000CD33C2F}.Release|Any CPU.ActiveCfg = Release|Any CPU
		{782D8D19-71FB-468C-87AF-F4000CD33C2F}.Release|Any CPU.Build.0 = Release|Any CPU
		{331188A7-8916-4C93-9747-39C3B24CC584}.Debug|Any CPU.ActiveCfg = Debug|Any CPU
		{331188A7-8916-4C93-9747-39C3B24CC584}.Debug|Any CPU.Build.0 = Debug|Any CPU
		{331188A7-8916-4C93-9747-39C3B24CC584}.Release|Any CPU.ActiveCfg = Release|Any CPU
		{331188A7-8916-4C93-9747-39C3B24CC584}.Release|Any CPU.Build.0 = Release|Any CPU
		{00512518-003A-4CF9-888B-AE1A14F856FE}.Debug|Any CPU.ActiveCfg = Debug|Any CPU
		{00512518-003A-4CF9-888B-AE1A14F856FE}.Debug|Any CPU.Build.0 = Debug|Any CPU
		{00512518-003A-4CF9-888B-AE1A14F856FE}.Release|Any CPU.ActiveCfg = Release|Any CPU
		{00512518-003A-4CF9-888B-AE1A14F856FE}.Release|Any CPU.Build.0 = Release|Any CPU
		{7FB87BEF-473C-4409-AC61-AD89ED139F4A}.Debug|Any CPU.ActiveCfg = Debug|Any CPU
		{7FB87BEF-473C-4409-AC61-AD89ED139F4A}.Debug|Any CPU.Build.0 = Debug|Any CPU
		{7FB87BEF-473C-4409-AC61-AD89ED139F4A}.Release|Any CPU.ActiveCfg = Release|Any CPU
		{7FB87BEF-473C-4409-AC61-AD89ED139F4A}.Release|Any CPU.Build.0 = Release|Any CPU
		{155FA114-734D-47F8-8868-EA9A779E7FD8}.Debug|Any CPU.ActiveCfg = Debug|Any CPU
		{155FA114-734D-47F8-8868-EA9A779E7FD8}.Debug|Any CPU.Build.0 = Debug|Any CPU
		{155FA114-734D-47F8-8868-EA9A779E7FD8}.Release|Any CPU.ActiveCfg = Release|Any CPU
		{155FA114-734D-47F8-8868-EA9A779E7FD8}.Release|Any CPU.Build.0 = Release|Any CPU
	EndGlobalSection
	GlobalSection(SolutionProperties) = preSolution
		HideSolutionNode = FALSE
	EndGlobalSection
	GlobalSection(ExtensibilityGlobals) = postSolution
		SolutionGuid = {ED97B3C4-8465-4642-B907-30516592C915}
	EndGlobalSection
EndGlobal
